
Microsoft Visual Studio Solution File, Format Version 12.00
# Visual Studio Version 17
VisualStudioVersion = 17.3.32825.248
MinimumVisualStudioVersion = 10.0.40219.1
Project("{FAE04EC0-301F-11D3-BF4B-00C04F79EFBC}") = "Customer_Data_Collector", "Customer_Data_Collector\Customer_Data_Collector.csproj", "{65F51D54-60AC-4109-9040-7EEC135B87FC}"
EndProject
Global
	GlobalSection(SolutionConfigurationPlatforms) = preSolution
		Debug|Any CPU = Debug|Any CPU
		Release|Any CPU = Release|Any CPU
	EndGlobalSection
	GlobalSection(ProjectConfigurationPlatforms) = postSolution
		{65F51D54-60AC-4109-9040-7EEC135B87FC}.Debug|Any CPU.ActiveCfg = Debug|Any CPU
		{65F51D54-60AC-4109-9040-7EEC135B87FC}.Debug|Any CPU.Build.0 = Debug|Any CPU
		{65F51D54-60AC-4109-9040-7EEC135B87FC}.Release|Any CPU.ActiveCfg = Release|Any CPU
		{65F51D54-60AC-4109-9040-7EEC135B87FC}.Release|Any CPU.Build.0 = Release|Any CPU
	EndGlobalSection
	GlobalSection(SolutionProperties) = preSolution
		HideSolutionNode = FALSE
	EndGlobalSection
	GlobalSection(ExtensibilityGlobals) = postSolution
		SolutionGuid = {85443DEE-5FF5-4AC9-8A26-0A55318C4CCE}
	EndGlobalSection
EndGlobal
